{
  "name": "docs-app",
  "lockfileVersion": 2,
  "requires": true,
  "packages": {
    "": {
      "license": "MIT",
      "dependencies": {
        "@jakechampion/c-at-e-file-server": "^0.0.2-main"
      },
      "devDependencies": {
        "@fastly/js-compute": "file:..",
        "@jakechampion/c-at-e-file-server-cli": "^0.0.2-main"
      }
    },
    "..": {
      "name": "@fastly/js-compute",
      "version": "0.5.12",
      "dev": true,
      "license": "Apache-2.0",
      "dependencies": {
        "@jakechampion/wizer": "^1.5.3",
        "esbuild": "^0.15.16",
        "tree-sitter": "^0.20.1",
        "tree-sitter-javascript": "^0.19.0"
      },
      "bin": {
        "js-compute-runtime": "js-compute-runtime-cli.js"
      },
      "devDependencies": {
        "@jakechampion/cli-testing-library": "^1.0.0",
        "brittle": "^3.1.1",
        "eslint": "^8.28.0",
        "get-bin-path": "^7.2.1",
        "patch-package": "^6.5.0",
        "tsd": "^0.24.1",
        "typedoc": "^0.23",
        "typedoc-plugin-mdn-links": "^2.0.0",
        "typedoc-plugin-versions": "^0.2.1",
        "typescript": "^4.9"
      },
      "engines": {
        "node": "16 - 19",
        "npm": "^8"
      }
    },
    "../../../Code/c-at-e-file-server/libraries/javascript": {
      "name": "@jakechampion/c-at-e-file-server",
      "version": "0.0.2-main",
      "extraneous": true,
      "license": "MIT",
      "dependencies": {
        "range-parser": "^1.2.1"
      },
      "devDependencies": {
        "eslint": "^8.25.0"
      }
    },
    "node_modules/@fastly/js-compute": {
      "resolved": "..",
      "link": true
    },
    "node_modules/@jakechampion/c-at-e-file-server": {
      "version": "0.0.2-main",
      "resolved": "https://registry.npmjs.org/@jakechampion/c-at-e-file-server/-/c-at-e-file-server-0.0.2-main.tgz",
      "integrity": "sha512-QIeZcdFPtvnPfdQL8xJD8tMezEmqihlHe5SAFJjiiDh0p1D3Eui51MsW51DFBN5r8Kv1+96MtE8ryLv1IlQwgw==",
      "dependencies": {
        "range-parser": "^1.2.1"
      }
    },
    "node_modules/@jakechampion/c-at-e-file-server-cli": {
      "version": "0.0.2-main",
      "resolved": "https://registry.npmjs.org/@jakechampion/c-at-e-file-server-cli/-/c-at-e-file-server-cli-0.0.2-main.tgz",
      "integrity": "sha512-j2EzKug2rIuX7AprOq041MBsuO9fIBraWP3nsLNiC1kCw3jnR/fk2+CIH15EHtQ0uuYmdKGe/Q9BM30gW0PIjQ==",
      "dev": true,
      "bin": {
        "c-at-e-file-server": "c-at-e-file-server.js"
      },
      "engines": {
        "node": ">=16"
      },
      "optionalDependencies": {
        "@jakechampion/c-at-e-file-server-darwin-arm64": "0.0.2-main",
        "@jakechampion/c-at-e-file-server-darwin-x64": "0.0.2-main",
        "@jakechampion/c-at-e-file-server-linux-x64": "0.0.2-main",
        "@jakechampion/c-at-e-file-server-win32-x64": "0.0.2-main"
      }
    },
    "node_modules/@jakechampion/c-at-e-file-server-darwin-arm64": {
      "version": "0.0.2-main",
      "resolved": "https://registry.npmjs.org/@jakechampion/c-at-e-file-server-darwin-arm64/-/c-at-e-file-server-darwin-arm64-0.0.2-main.tgz",
      "integrity": "sha512-TZUMtAQmzVDVFcRvxP8FixjAmMDCrzmbXltkDlvG8+hYNVVLVG/2VDmkcAmEy56LUrYiov79P/VUKMPPDVhG9g==",
      "cpu": [
        "arm64"
      ],
      "dev": true,
      "optional": true,
      "os": [
        "darwin"
      ],
      "bin": {
        "c-at-e-file-server-darwin-arm64": "c-at-e-file-server"
      }
    },
    "node_modules/@jakechampion/c-at-e-file-server-darwin-x64": {
      "version": "0.0.2-main",
      "resolved": "https://registry.npmjs.org/@jakechampion/c-at-e-file-server-darwin-x64/-/c-at-e-file-server-darwin-x64-0.0.2-main.tgz",
      "integrity": "sha512-04I/dib1f1Fl9wWF29YY1PMUuRDEDv43qn6mxxAOF3QzvhtVakxkPD9ml7gF3ETr+J0QBVgZRVv2H6mOn+MIKw==",
      "cpu": [
        "x64"
      ],
      "dev": true,
      "optional": true,
      "os": [
        "darwin"
      ],
      "bin": {
        "c-at-e-file-server-darwin-x64": "c-at-e-file-server"
      }
    },
    "node_modules/@jakechampion/c-at-e-file-server-linux-x64": {
      "version": "0.0.2-main",
      "resolved": "https://registry.npmjs.org/@jakechampion/c-at-e-file-server-linux-x64/-/c-at-e-file-server-linux-x64-0.0.2-main.tgz",
      "integrity": "sha512-xL4cXyJ19WegU+w89oOlOw69FLoAqmiWJtfcsKUeUHeJjjqAmKQ98T5dsroBXQeYNXQYbt48IbX3Qa7NdMyZzw==",
      "cpu": [
        "x64"
      ],
      "dev": true,
      "optional": true,
      "os": [
        "linux"
      ],
      "bin": {
        "c-at-e-file-server-linux-x64": "c-at-e-file-server"
      }
    },
    "node_modules/@jakechampion/c-at-e-file-server-win32-x64": {
      "version": "0.0.2-main",
      "resolved": "https://registry.npmjs.org/@jakechampion/c-at-e-file-server-win32-x64/-/c-at-e-file-server-win32-x64-0.0.2-main.tgz",
      "integrity": "sha512-wqgxzcj0EtaSDBA7ivVYLvVreLXJfFD3KkyQ0UFutGPCITr18nPsnsl7r8h6M+gc4gmL22r5VMW72Xd+wXUaEg==",
      "cpu": [
        "x64"
      ],
      "dev": true,
      "optional": true,
      "os": [
        "win32"
      ],
      "bin": {
        "c-at-e-file-server-win32-x64": "c-at-e-file-server"
      }
    },
    "node_modules/range-parser": {
      "version": "1.2.1",
      "resolved": "https://registry.npmjs.org/range-parser/-/range-parser-1.2.1.tgz",
      "integrity": "sha512-Hrgsx+orqoygnmhFbKaHE6c296J+HTAQXoxEF6gNupROmmGJRoyzfG3ccAveqCBrwr/2yxQ5BVd/GTl5agOwSg==",
      "engines": {
        "node": ">= 0.6"
      }
    }
  },
  "dependencies": {
    "@fastly/js-compute": {
      "version": "file:..",
      "requires": {
        "@jakechampion/cli-testing-library": "^1.0.0",
        "@jakechampion/wizer": "^1.5.3",
        "brittle": "^3.1.1",
        "esbuild": "^0.15.16",
        "eslint": "^8.28.0",
        "get-bin-path": "^7.2.1",
        "patch-package": "^6.5.0",
        "tree-sitter": "^0.20.1",
        "tree-sitter-javascript": "^0.19.0",
        "tsd": "^0.24.1",
        "typedoc": "^0.23",
        "typedoc-plugin-mdn-links": "^2.0.0",
        "typedoc-plugin-versions": "^0.2.1",
        "typescript": "^4.9"
      }
    },
    "@jakechampion/c-at-e-file-server": {
      "version": "0.0.2-main",
      "resolved": "https://registry.npmjs.org/@jakechampion/c-at-e-file-server/-/c-at-e-file-server-0.0.2-main.tgz",
      "integrity": "sha512-QIeZcdFPtvnPfdQL8xJD8tMezEmqihlHe5SAFJjiiDh0p1D3Eui51MsW51DFBN5r8Kv1+96MtE8ryLv1IlQwgw==",
      "requires": {
        "range-parser": "^1.2.1"
      }
    },
    "@jakechampion/c-at-e-file-server-cli": {
      "version": "0.0.2-main",
      "resolved": "https://registry.npmjs.org/@jakechampion/c-at-e-file-server-cli/-/c-at-e-file-server-cli-0.0.2-main.tgz",
      "integrity": "sha512-j2EzKug2rIuX7AprOq041MBsuO9fIBraWP3nsLNiC1kCw3jnR/fk2+CIH15EHtQ0uuYmdKGe/Q9BM30gW0PIjQ==",
      "dev": true,
      "requires": {
        "@jakechampion/c-at-e-file-server-darwin-arm64": "0.0.2-main",
        "@jakechampion/c-at-e-file-server-darwin-x64": "0.0.2-main",
        "@jakechampion/c-at-e-file-server-linux-x64": "0.0.2-main",
        "@jakechampion/c-at-e-file-server-win32-x64": "0.0.2-main"
      }
    },
    "@jakechampion/c-at-e-file-server-darwin-arm64": {
      "version": "0.0.2-main",
      "resolved": "https://registry.npmjs.org/@jakechampion/c-at-e-file-server-darwin-arm64/-/c-at-e-file-server-darwin-arm64-0.0.2-main.tgz",
      "integrity": "sha512-TZUMtAQmzVDVFcRvxP8FixjAmMDCrzmbXltkDlvG8+hYNVVLVG/2VDmkcAmEy56LUrYiov79P/VUKMPPDVhG9g==",
      "dev": true,
      "optional": true
    },
    "@jakechampion/c-at-e-file-server-darwin-x64": {
      "version": "0.0.2-main",
      "resolved": "https://registry.npmjs.org/@jakechampion/c-at-e-file-server-darwin-x64/-/c-at-e-file-server-darwin-x64-0.0.2-main.tgz",
      "integrity": "sha512-04I/dib1f1Fl9wWF29YY1PMUuRDEDv43qn6mxxAOF3QzvhtVakxkPD9ml7gF3ETr+J0QBVgZRVv2H6mOn+MIKw==",
      "dev": true,
      "optional": true
    },
    "@jakechampion/c-at-e-file-server-linux-x64": {
      "version": "0.0.2-main",
      "resolved": "https://registry.npmjs.org/@jakechampion/c-at-e-file-server-linux-x64/-/c-at-e-file-server-linux-x64-0.0.2-main.tgz",
      "integrity": "sha512-xL4cXyJ19WegU+w89oOlOw69FLoAqmiWJtfcsKUeUHeJjjqAmKQ98T5dsroBXQeYNXQYbt48IbX3Qa7NdMyZzw==",
      "dev": true,
      "optional": true
    },
    "@jakechampion/c-at-e-file-server-win32-x64": {
      "version": "0.0.2-main",
      "resolved": "https://registry.npmjs.org/@jakechampion/c-at-e-file-server-win32-x64/-/c-at-e-file-server-win32-x64-0.0.2-main.tgz",
      "integrity": "sha512-wqgxzcj0EtaSDBA7ivVYLvVreLXJfFD3KkyQ0UFutGPCITr18nPsnsl7r8h6M+gc4gmL22r5VMW72Xd+wXUaEg==",
      "dev": true,
      "optional": true
    },
    "range-parser": {
      "version": "1.2.1",
      "resolved": "https://registry.npmjs.org/range-parser/-/range-parser-1.2.1.tgz",
      "integrity": "sha512-Hrgsx+orqoygnmhFbKaHE6c296J+HTAQXoxEF6gNupROmmGJRoyzfG3ccAveqCBrwr/2yxQ5BVd/GTl5agOwSg=="
    }
  }
}
