# THIS IS AN AUTOGENERATED FILE. DO NOT EDIT THIS FILE DIRECTLY.
# yarn lockfile v1


"@fastly/js-compute@file:..":
  "resolved" "file:.."
  "version" "0.5.15"
  dependencies:
    "@jakechampion/wizer" "^1.5.3"
    "esbuild" "^0.15.16"
    "tree-sitter" "^0.20.1"
    "tree-sitter-javascript" "^0.19.0"

"@jakechampion/c-at-e-file-server-cli@^0.0.2-main":
  "integrity" "sha512-j2EzKug2rIuX7AprOq041MBsuO9fIBraWP3nsLNiC1kCw3jnR/fk2+CIH15EHtQ0uuYmdKGe/Q9BM30gW0PIjQ=="
  "resolved" "https://registry.npmjs.org/@jakechampion/c-at-e-file-server-cli/-/c-at-e-file-server-cli-0.0.2-main.tgz"
  "version" "0.0.2-main"
  optionalDependencies:
    "@jakechampion/c-at-e-file-server-darwin-arm64" "0.0.2-main"
    "@jakechampion/c-at-e-file-server-darwin-x64" "0.0.2-main"
    "@jakechampion/c-at-e-file-server-linux-x64" "0.0.2-main"
    "@jakechampion/c-at-e-file-server-win32-x64" "0.0.2-main"

"@jakechampion/c-at-e-file-server-darwin-arm64@0.0.2-main":
  "integrity" "sha512-TZUMtAQmzVDVFcRvxP8FixjAmMDCrzmbXltkDlvG8+hYNVVLVG/2VDmkcAmEy56LUrYiov79P/VUKMPPDVhG9g=="
  "resolved" "https://registry.npmjs.org/@jakechampion/c-at-e-file-server-darwin-arm64/-/c-at-e-file-server-darwin-arm64-0.0.2-main.tgz"
  "version" "0.0.2-main"

"@jakechampion/c-at-e-file-server@^0.0.2-main":
  "integrity" "sha512-QIeZcdFPtvnPfdQL8xJD8tMezEmqihlHe5SAFJjiiDh0p1D3Eui51MsW51DFBN5r8Kv1+96MtE8ryLv1IlQwgw=="
  "resolved" "https://registry.npmjs.org/@jakechampion/c-at-e-file-server/-/c-at-e-file-server-0.0.2-main.tgz"
  "version" "0.0.2-main"
  dependencies:
    "range-parser" "^1.2.1"

"range-parser@^1.2.1":
  "integrity" "sha512-Hrgsx+orqoygnmhFbKaHE6c296J+HTAQXoxEF6gNupROmmGJRoyzfG3ccAveqCBrwr/2yxQ5BVd/GTl5agOwSg=="
  "resolved" "https://registry.npmjs.org/range-parser/-/range-parser-1.2.1.tgz"
  "version" "1.2.1"
