# THIS IS AN AUTOGENERATED FILE. DO NOT EDIT THIS FILE DIRECTLY.
# yarn lockfile v1


"@bytecodealliance/jco@^1.3.1":
  version "1.3.1"
  resolved "https://registry.yarnpkg.com/@bytecodealliance/jco/-/jco-1.3.1.tgz#93f64706095734fcfaeb2f432fb248b972ee15e8"
  integrity sha512-XXj95pvNRfwXmCT7KbbHvUHVDJaqClIv73qBOr35rmoS45ga+gYHLU06Eb2aVIwItfEmKQ21uDY4rSoarRnqrQ==
  dependencies:
    "@bytecodealliance/preview2-shim" "^0.16.3"
    binaryen "^116.0.0"
    chalk-template "^1"
    commander "^12"
    mkdirp "^3"
    ora "^8"
    terser "^5"

"@bytecodealliance/preview2-shim@^0.16.3":
  version "0.16.4"
  resolved "https://registry.yarnpkg.com/@bytecodealliance/preview2-shim/-/preview2-shim-0.16.4.tgz#63709fbda88ef2eee1c492e218fdfe1963ce21ac"
  integrity sha512-G6IB1YQjy6csGe6OEAlBYHqtsakZu5ilh59w08h1IR6IEoZG3O1dmCRdy/zcBgvyk/ORXyhiBMKFCzOCACw01g==

"@bytecodealliance/wizer-darwin-arm64@3.0.1":
  version "3.0.1"
  resolved "https://registry.yarnpkg.com/@bytecodealliance/wizer-darwin-arm64/-/wizer-darwin-arm64-3.0.1.tgz#cee796abb1a1e3b34d5889f431cdb39bc6a1d77f"
  integrity sha512-/8KYSajyhO9koAE3qQhYfC6belZheJw9X3XqW7hrizTpj6n4z4OJFhhqwJmiYFUUsPtC7OxcXMFFPbTuSQPBcw==

"@bytecodealliance/wizer-darwin-x64@3.0.1":
  version "3.0.1"
  resolved "https://registry.yarnpkg.com/@bytecodealliance/wizer-darwin-x64/-/wizer-darwin-x64-3.0.1.tgz#0a4131f210cbaab0df46ad64d065768c0803c977"
  integrity sha512-bMReultN/r+W/BRXV0F+28U5dZwbQT/ZO0k4icZlhUhrv5/wpQJix7Z/ZvBnVQ+/JHb0QDUpFk2/zCtgkRXP6Q==

"@bytecodealliance/wizer-linux-arm64@3.0.1":
  version "3.0.1"
  resolved "https://registry.yarnpkg.com/@bytecodealliance/wizer-linux-arm64/-/wizer-linux-arm64-3.0.1.tgz#9cdd378a0b7ccaf4c195d648ee5f88658df04779"
  integrity sha512-35ZhAeYxWK3bTqqgwysbBWlGlrlMNKNng3ZITQV2PAtafpE7aCeqywl7VAS4lLRG5eTb7wxNgN7zf8d3wiIFTQ==

"@bytecodealliance/wizer-linux-s390x@3.0.1":
  version "3.0.1"
  resolved "https://registry.yarnpkg.com/@bytecodealliance/wizer-linux-s390x/-/wizer-linux-s390x-3.0.1.tgz#d53d7ae5809573fa72d0d4dc4742cec9ae4aed1b"
  integrity sha512-Smvy9mguEMtX0lupDLTPshXUzAHeOhgscr1bhGNjeCCLD1sd8rIjBvWV19Wtra0BL1zTuU2EPOHjR/4k8WoyDg==

"@bytecodealliance/wizer-linux-x64@3.0.1":
  version "3.0.1"
  resolved "https://registry.yarnpkg.com/@bytecodealliance/wizer-linux-x64/-/wizer-linux-x64-3.0.1.tgz#fa074bc047d693dc5a95ce4b1b800bd58dae24ee"
  integrity sha512-uUue78xl7iwndsGgTsagHLTLyLBVHhwzuywiwHt1xw8y0X0O8REKRLBoB7+LdM+pttDPdFtKJgbTFL4UPAA7Yw==

"@bytecodealliance/wizer-win32-x64@3.0.1":
  version "3.0.1"
  resolved "https://registry.yarnpkg.com/@bytecodealliance/wizer-win32-x64/-/wizer-win32-x64-3.0.1.tgz#d5f59c56cf65c4aa261078a04ca46b8540a4416d"
  integrity sha512-ycd38sx1UTZpHZwh8IfH/4N3n0OQUB8awxkUSLXf9PolEd088YbxoPB3noHy4E+L2oYN7KZMrg9517pX0z2RhQ==

"@bytecodealliance/wizer@^3.0.1":
  version "3.0.1"
  resolved "https://registry.yarnpkg.com/@bytecodealliance/wizer/-/wizer-3.0.1.tgz#34fd5f3cc6a86e44ddb4da064c28a9e22fcdbf43"
  integrity sha512-f0NBiBHCNBkbFHTPRbA7aKf/t4KyNhi2KvSqw3QzCgi8wFF/uLZ0dhejj93rbiKO/iwWbmU7v9K3SVkW81mcjQ==
  optionalDependencies:
    "@bytecodealliance/wizer-darwin-arm64" "3.0.1"
    "@bytecodealliance/wizer-darwin-x64" "3.0.1"
    "@bytecodealliance/wizer-linux-arm64" "3.0.1"
    "@bytecodealliance/wizer-linux-s390x" "3.0.1"
    "@bytecodealliance/wizer-linux-x64" "3.0.1"
    "@bytecodealliance/wizer-win32-x64" "3.0.1"

"@esbuild/aix-ppc64@0.23.0":
  version "0.23.0"
  resolved "https://registry.yarnpkg.com/@esbuild/aix-ppc64/-/aix-ppc64-0.23.0.tgz#145b74d5e4a5223489cabdc238d8dad902df5259"
  integrity sha512-3sG8Zwa5fMcA9bgqB8AfWPQ+HFke6uD3h1s3RIwUNK8EG7a4buxvuFTs3j1IMs2NXAk9F30C/FF4vxRgQCcmoQ==

"@esbuild/android-arm64@0.23.0":
  version "0.23.0"
  resolved "https://registry.yarnpkg.com/@esbuild/android-arm64/-/android-arm64-0.23.0.tgz#453bbe079fc8d364d4c5545069e8260228559832"
  integrity sha512-EuHFUYkAVfU4qBdyivULuu03FhJO4IJN9PGuABGrFy4vUuzk91P2d+npxHcFdpUnfYKy0PuV+n6bKIpHOB3prQ==

"@esbuild/android-arm@0.23.0":
  version "0.23.0"
  resolved "https://registry.yarnpkg.com/@esbuild/android-arm/-/android-arm-0.23.0.tgz#26c806853aa4a4f7e683e519cd9d68e201ebcf99"
  integrity sha512-+KuOHTKKyIKgEEqKbGTK8W7mPp+hKinbMBeEnNzjJGyFcWsfrXjSTNluJHCY1RqhxFurdD8uNXQDei7qDlR6+g==

"@esbuild/android-x64@0.23.0":
  version "0.23.0"
  resolved "https://registry.yarnpkg.com/@esbuild/android-x64/-/android-x64-0.23.0.tgz#1e51af9a6ac1f7143769f7ee58df5b274ed202e6"
  integrity sha512-WRrmKidLoKDl56LsbBMhzTTBxrsVwTKdNbKDalbEZr0tcsBgCLbEtoNthOW6PX942YiYq8HzEnb4yWQMLQuipQ==

"@esbuild/darwin-arm64@0.23.0":
  version "0.23.0"
  resolved "https://registry.yarnpkg.com/@esbuild/darwin-arm64/-/darwin-arm64-0.23.0.tgz#d996187a606c9534173ebd78c58098a44dd7ef9e"
  integrity sha512-YLntie/IdS31H54Ogdn+v50NuoWF5BDkEUFpiOChVa9UnKpftgwzZRrI4J132ETIi+D8n6xh9IviFV3eXdxfow==

"@esbuild/darwin-x64@0.23.0":
  version "0.23.0"
  resolved "https://registry.yarnpkg.com/@esbuild/darwin-x64/-/darwin-x64-0.23.0.tgz#30c8f28a7ef4e32fe46501434ebe6b0912e9e86c"
  integrity sha512-IMQ6eme4AfznElesHUPDZ+teuGwoRmVuuixu7sv92ZkdQcPbsNHzutd+rAfaBKo8YK3IrBEi9SLLKWJdEvJniQ==

"@esbuild/freebsd-arm64@0.23.0":
  version "0.23.0"
  resolved "https://registry.yarnpkg.com/@esbuild/freebsd-arm64/-/freebsd-arm64-0.23.0.tgz#30f4fcec8167c08a6e8af9fc14b66152232e7fb4"
  integrity sha512-0muYWCng5vqaxobq6LB3YNtevDFSAZGlgtLoAc81PjUfiFz36n4KMpwhtAd4he8ToSI3TGyuhyx5xmiWNYZFyw==

"@esbuild/freebsd-x64@0.23.0":
  version "0.23.0"
  resolved "https://registry.yarnpkg.com/@esbuild/freebsd-x64/-/freebsd-x64-0.23.0.tgz#1003a6668fe1f5d4439e6813e5b09a92981bc79d"
  integrity sha512-XKDVu8IsD0/q3foBzsXGt/KjD/yTKBCIwOHE1XwiXmrRwrX6Hbnd5Eqn/WvDekddK21tfszBSrE/WMaZh+1buQ==

"@esbuild/linux-arm64@0.23.0":
  version "0.23.0"
  resolved "https://registry.yarnpkg.com/@esbuild/linux-arm64/-/linux-arm64-0.23.0.tgz#3b9a56abfb1410bb6c9138790f062587df3e6e3a"
  integrity sha512-j1t5iG8jE7BhonbsEg5d9qOYcVZv/Rv6tghaXM/Ug9xahM0nX/H2gfu6X6z11QRTMT6+aywOMA8TDkhPo8aCGw==

"@esbuild/linux-arm@0.23.0":
  version "0.23.0"
  resolved "https://registry.yarnpkg.com/@esbuild/linux-arm/-/linux-arm-0.23.0.tgz#237a8548e3da2c48cd79ae339a588f03d1889aad"
  integrity sha512-SEELSTEtOFu5LPykzA395Mc+54RMg1EUgXP+iw2SJ72+ooMwVsgfuwXo5Fn0wXNgWZsTVHwY2cg4Vi/bOD88qw==

"@esbuild/linux-ia32@0.23.0":
  version "0.23.0"
  resolved "https://registry.yarnpkg.com/@esbuild/linux-ia32/-/linux-ia32-0.23.0.tgz#4269cd19cb2de5de03a7ccfc8855dde3d284a238"
  integrity sha512-P7O5Tkh2NbgIm2R6x1zGJJsnacDzTFcRWZyTTMgFdVit6E98LTxO+v8LCCLWRvPrjdzXHx9FEOA8oAZPyApWUA==

"@esbuild/linux-loong64@0.23.0":
  version "0.23.0"
  resolved "https://registry.yarnpkg.com/@esbuild/linux-loong64/-/linux-loong64-0.23.0.tgz#82b568f5658a52580827cc891cb69d2cb4f86280"
  integrity sha512-InQwepswq6urikQiIC/kkx412fqUZudBO4SYKu0N+tGhXRWUqAx+Q+341tFV6QdBifpjYgUndV1hhMq3WeJi7A==

"@esbuild/linux-mips64el@0.23.0":
  version "0.23.0"
  resolved "https://registry.yarnpkg.com/@esbuild/linux-mips64el/-/linux-mips64el-0.23.0.tgz#9a57386c926262ae9861c929a6023ed9d43f73e5"
  integrity sha512-J9rflLtqdYrxHv2FqXE2i1ELgNjT+JFURt/uDMoPQLcjWQA5wDKgQA4t/dTqGa88ZVECKaD0TctwsUfHbVoi4w==

"@esbuild/linux-ppc64@0.23.0":
  version "0.23.0"
  resolved "https://registry.yarnpkg.com/@esbuild/linux-ppc64/-/linux-ppc64-0.23.0.tgz#f3a79fd636ba0c82285d227eb20ed8e31b4444f6"
  integrity sha512-cShCXtEOVc5GxU0fM+dsFD10qZ5UpcQ8AM22bYj0u/yaAykWnqXJDpd77ublcX6vdDsWLuweeuSNZk4yUxZwtw==

"@esbuild/linux-riscv64@0.23.0":
  version "0.23.0"
  resolved "https://registry.yarnpkg.com/@esbuild/linux-riscv64/-/linux-riscv64-0.23.0.tgz#f9d2ef8356ce6ce140f76029680558126b74c780"
  integrity sha512-HEtaN7Y5UB4tZPeQmgz/UhzoEyYftbMXrBCUjINGjh3uil+rB/QzzpMshz3cNUxqXN7Vr93zzVtpIDL99t9aRw==

"@esbuild/linux-s390x@0.23.0":
  version "0.23.0"
  resolved "https://registry.yarnpkg.com/@esbuild/linux-s390x/-/linux-s390x-0.23.0.tgz#45390f12e802201f38a0229e216a6aed4351dfe8"
  integrity sha512-WDi3+NVAuyjg/Wxi+o5KPqRbZY0QhI9TjrEEm+8dmpY9Xir8+HE/HNx2JoLckhKbFopW0RdO2D72w8trZOV+Wg==

"@esbuild/linux-x64@0.23.0":
  version "0.23.0"
  resolved "https://registry.yarnpkg.com/@esbuild/linux-x64/-/linux-x64-0.23.0.tgz#c8409761996e3f6db29abcf9b05bee8d7d80e910"
  integrity sha512-a3pMQhUEJkITgAw6e0bWA+F+vFtCciMjW/LPtoj99MhVt+Mfb6bbL9hu2wmTZgNd994qTAEw+U/r6k3qHWWaOQ==

"@esbuild/netbsd-x64@0.23.0":
  version "0.23.0"
  resolved "https://registry.yarnpkg.com/@esbuild/netbsd-x64/-/netbsd-x64-0.23.0.tgz#ba70db0114380d5f6cfb9003f1d378ce989cd65c"
  integrity sha512-cRK+YDem7lFTs2Q5nEv/HHc4LnrfBCbH5+JHu6wm2eP+d8OZNoSMYgPZJq78vqQ9g+9+nMuIsAO7skzphRXHyw==

"@esbuild/openbsd-arm64@0.23.0":
  version "0.23.0"
  resolved "https://registry.yarnpkg.com/@esbuild/openbsd-arm64/-/openbsd-arm64-0.23.0.tgz#72fc55f0b189f7a882e3cf23f332370d69dfd5db"
  integrity sha512-suXjq53gERueVWu0OKxzWqk7NxiUWSUlrxoZK7usiF50C6ipColGR5qie2496iKGYNLhDZkPxBI3erbnYkU0rQ==

"@esbuild/openbsd-x64@0.23.0":
  version "0.23.0"
  resolved "https://registry.yarnpkg.com/@esbuild/openbsd-x64/-/openbsd-x64-0.23.0.tgz#b6ae7a0911c18fe30da3db1d6d17a497a550e5d8"
  integrity sha512-6p3nHpby0DM/v15IFKMjAaayFhqnXV52aEmv1whZHX56pdkK+MEaLoQWj+H42ssFarP1PcomVhbsR4pkz09qBg==

"@esbuild/sunos-x64@0.23.0":
  version "0.23.0"
  resolved "https://registry.yarnpkg.com/@esbuild/sunos-x64/-/sunos-x64-0.23.0.tgz#58f0d5e55b9b21a086bfafaa29f62a3eb3470ad8"
  integrity sha512-BFelBGfrBwk6LVrmFzCq1u1dZbG4zy/Kp93w2+y83Q5UGYF1d8sCzeLI9NXjKyujjBBniQa8R8PzLFAUrSM9OA==

"@esbuild/win32-arm64@0.23.0":
  version "0.23.0"
  resolved "https://registry.yarnpkg.com/@esbuild/win32-arm64/-/win32-arm64-0.23.0.tgz#b858b2432edfad62e945d5c7c9e5ddd0f528ca6d"
  integrity sha512-lY6AC8p4Cnb7xYHuIxQ6iYPe6MfO2CC43XXKo9nBXDb35krYt7KGhQnOkRGar5psxYkircpCqfbNDB4uJbS2jQ==

"@esbuild/win32-ia32@0.23.0":
  version "0.23.0"
  resolved "https://registry.yarnpkg.com/@esbuild/win32-ia32/-/win32-ia32-0.23.0.tgz#167ef6ca22a476c6c0c014a58b4f43ae4b80dec7"
  integrity sha512-7L1bHlOTcO4ByvI7OXVI5pNN6HSu6pUQq9yodga8izeuB1KcT2UkHaH6118QJwopExPn0rMHIseCTx1CRo/uNA==

"@esbuild/win32-x64@0.23.0":
  version "0.23.0"
  resolved "https://registry.yarnpkg.com/@esbuild/win32-x64/-/win32-x64-0.23.0.tgz#db44a6a08520b5f25bbe409f34a59f2d4bcc7ced"
  integrity sha512-Arm+WgUFLUATuoxCJcahGuk6Yj9Pzxd6l11Zb/2aAuv5kWWvvfhLFo2fni4uSK5vzlUdCGZ/BdV5tH8klj8p8g==

"@fastly/compute-js-static-publish@^6.1.0":
  version "6.1.0"
  resolved "https://registry.yarnpkg.com/@fastly/compute-js-static-publish/-/compute-js-static-publish-6.1.0.tgz#98305218ef35d74f67f862929c046c5525a11abd"
  integrity sha512-jArDwjrXqZhcac/84e5tO23+5APf4kHvFJghAfOeWBbvwELU2TtydxmLEZS5cAru2vPBoAjYoywC0CtrvQca0w==
  dependencies:
    command-line-args "^5.2.1"
    glob-to-regexp "^0.4.1"

"@fastly/js-compute@^3":
  version "3.17.1"
  resolved "https://registry.yarnpkg.com/@fastly/js-compute/-/js-compute-3.17.1.tgz#0567e11fc73c48303aaaf381a10c3c11ecba7d0d"
  integrity sha512-9fS0evXg8oSrD1DCwxJckH3oa9u34adr8/a5e2ij6/OJPTzoKPwlZX4lY0rgoQrXynN+KkoCyXRNonRtgUVjvQ==
  dependencies:
    "@bytecodealliance/jco" "^1.3.1"
    "@bytecodealliance/wizer" "^3.0.1"
    acorn "^8.12.1"
    acorn-walk "^8.3.3"
    esbuild "^0.23.0"
    magic-string "^0.30.10"
    regexpu-core "^6.0.0"

"@h7/hono-fastly-static@^0.2.0":
  version "0.2.0"
  resolved "https://registry.yarnpkg.com/@h7/hono-fastly-static/-/hono-fastly-static-0.2.0.tgz#32d8b1db4beb4e33302cf8d428a363351e2c7c47"
  integrity sha512-dDs/rQomho7hePbUKC1vS0SH2IbiVWm1xK22TY1/odgZeJn9puVDVYUezcgPBT/80eJ+m4yqU07ND+xr5dcEdw==
  dependencies:
    "@fastly/compute-js-static-publish" "^6.1.0"
    hono "^4.2.7"

"@jridgewell/gen-mapping@^0.3.5":
  version "0.3.5"
  resolved "https://registry.yarnpkg.com/@jridgewell/gen-mapping/-/gen-mapping-0.3.5.tgz#dcce6aff74bdf6dad1a95802b69b04a2fcb1fb36"
  integrity sha512-IzL8ZoEDIBRWEzlCcRhOaCupYyN5gdIK+Q6fbFdPDg6HqX6jpkItn7DFIpW9LQzXG6Df9sA7+OKnq0qlz/GaQg==
  dependencies:
    "@jridgewell/set-array" "^1.2.1"
    "@jridgewell/sourcemap-codec" "^1.4.10"
    "@jridgewell/trace-mapping" "^0.3.24"

"@jridgewell/resolve-uri@^3.1.0":
  version "3.1.2"
  resolved "https://registry.yarnpkg.com/@jridgewell/resolve-uri/-/resolve-uri-3.1.2.tgz#7a0ee601f60f99a20c7c7c5ff0c80388c1189bd6"
  integrity sha512-bRISgCIjP20/tbWSPWMEi54QVPRZExkuD9lJL+UIxUKtwVJA8wW1Trb1jMs1RFXo1CBTNZ/5hpC9QvmKWdopKw==

"@jridgewell/set-array@^1.2.1":
  version "1.2.1"
  resolved "https://registry.yarnpkg.com/@jridgewell/set-array/-/set-array-1.2.1.tgz#558fb6472ed16a4c850b889530e6b36438c49280"
  integrity sha512-R8gLRTZeyp03ymzP/6Lil/28tGeGEzhx1q2k703KGWRAI1VdvPIXdG70VJc2pAMw3NA6JKL5hhFu1sJX0Mnn/A==

"@jridgewell/source-map@^0.3.3":
  version "0.3.6"
  resolved "https://registry.yarnpkg.com/@jridgewell/source-map/-/source-map-0.3.6.tgz#9d71ca886e32502eb9362c9a74a46787c36df81a"
  integrity sha512-1ZJTZebgqllO79ue2bm3rIGud/bOe0pP5BjSRCRxxYkEZS8STV7zN84UBbiYu7jy+eCKSnVIUgoWWE/tt+shMQ==
  dependencies:
    "@jridgewell/gen-mapping" "^0.3.5"
    "@jridgewell/trace-mapping" "^0.3.25"

"@jridgewell/sourcemap-codec@^1.4.10", "@jridgewell/sourcemap-codec@^1.4.14", "@jridgewell/sourcemap-codec@^1.4.15":
  version "1.5.0"
  resolved "https://registry.yarnpkg.com/@jridgewell/sourcemap-codec/-/sourcemap-codec-1.5.0.tgz#3188bcb273a414b0d215fd22a58540b989b9409a"
  integrity sha512-gv3ZRaISU3fjPAgNsriBRqGWQL6quFx04YMPW/zD8XMLsU32mhCCbfbO6KZFLjvYpCZ8zyDEgqsgf+PwPaM7GQ==

"@jridgewell/trace-mapping@^0.3.24", "@jridgewell/trace-mapping@^0.3.25":
  version "0.3.25"
  resolved "https://registry.yarnpkg.com/@jridgewell/trace-mapping/-/trace-mapping-0.3.25.tgz#15f190e98895f3fc23276ee14bc76b675c2e50f0"
  integrity sha512-vNk6aEwybGtawWmy/PzwnGDOjCkLWSD2wqvjGGAgOAwCGWySYXfYoxt00IJkTF+8Lb57DwOb3Aa0o9CApepiYQ==
  dependencies:
    "@jridgewell/resolve-uri" "^3.1.0"
    "@jridgewell/sourcemap-codec" "^1.4.14"

acorn-walk@^8.3.3:
  version "8.3.3"
  resolved "https://registry.yarnpkg.com/acorn-walk/-/acorn-walk-8.3.3.tgz#9caeac29eefaa0c41e3d4c65137de4d6f34df43e"
  integrity sha512-MxXdReSRhGO7VlFe1bRG/oI7/mdLV9B9JJT0N8vZOhF7gFRR5l3M8W9G8JxmKV+JC5mGqJ0QvqfSOLsCPa4nUw==
  dependencies:
    acorn "^8.11.0"

acorn@^8.11.0, acorn@^8.12.1, acorn@^8.8.2:
  version "8.12.1"
  resolved "https://registry.yarnpkg.com/acorn/-/acorn-8.12.1.tgz#71616bdccbe25e27a54439e0046e89ca76df2248"
  integrity sha512-tcpGyI9zbizT9JbV6oYE477V6mTlXvvi0T0G3SNIYE2apm/G5huBa1+K89VGeovbg+jycCrfhl3ADxErOuO6Jg==

ansi-regex@^6.0.1:
  version "6.0.1"
  resolved "https://registry.yarnpkg.com/ansi-regex/-/ansi-regex-6.0.1.tgz#3183e38fae9a65d7cb5e53945cd5897d0260a06a"
  integrity sha512-n5M855fKb2SsfMIiFFoVrABHJC8QtHwVx+mHWP3QcEqBHYienj5dHSgjbxtC0WEZXYt4wcD6zrQElDPhFuZgfA==

array-back@^3.0.1, array-back@^3.1.0:
  version "3.1.0"
  resolved "https://registry.yarnpkg.com/array-back/-/array-back-3.1.0.tgz#b8859d7a508871c9a7b2cf42f99428f65e96bfb0"
  integrity sha512-TkuxA4UCOvxuDK6NZYXCalszEzj+TLszyASooky+i742l9TqsOdYCMJJupxRic61hwquNtppB3hgcuq9SVSH1Q==

binaryen@^116.0.0:
  version "116.0.0"
  resolved "https://registry.yarnpkg.com/binaryen/-/binaryen-116.0.0.tgz#ad79fb939246138fb128d9438d5574152ece39fe"
  integrity sha512-Hp0dXC6Cb/rTwWEoUS2BRghObE7g/S9umKtxuTDt3f61G6fNTE/YVew/ezyy3IdHcLx3f17qfh6LwETgCfvWkQ==

buffer-from@^1.0.0:
  version "1.1.2"
  resolved "https://registry.yarnpkg.com/buffer-from/-/buffer-from-1.1.2.tgz#2b146a6fd72e80b4f55d255f35ed59a3a9a41bd5"
  integrity sha512-E+XQCRwSbaaiChtv6k6Dwgc+bx+Bs6vuKJHHl5kox/BaKbhiXzqQOwK4cO22yElGp2OCmjwVhT3HmxgyPGnJfQ==

chalk-template@^1:
  version "1.1.0"
  resolved "https://registry.yarnpkg.com/chalk-template/-/chalk-template-1.1.0.tgz#ffc55db6dd745e9394b85327c8ac8466edb7a7b1"
  integrity sha512-T2VJbcDuZQ0Tb2EWwSotMPJjgpy1/tGee1BTpUNsGZ/qgNjV2t7Mvu+d4600U564nbLesN1x2dPL+xii174Ekg==
  dependencies:
    chalk "^5.2.0"

chalk@^5.2.0, chalk@^5.3.0:
  version "5.3.0"
  resolved "https://registry.yarnpkg.com/chalk/-/chalk-5.3.0.tgz#67c20a7ebef70e7f3970a01f90fa210cb6860385"
  integrity sha512-dLitG79d+GV1Nb/VYcCDFivJeK1hiukt9QjRNVOsUtTy1rR1YJsmpGGTZ3qJos+uw7WmWF4wUwBd9jxjocFC2w==

cli-cursor@^4.0.0:
  version "4.0.0"
  resolved "https://registry.yarnpkg.com/cli-cursor/-/cli-cursor-4.0.0.tgz#3cecfe3734bf4fe02a8361cbdc0f6fe28c6a57ea"
  integrity sha512-VGtlMu3x/4DOtIUwEkRezxUZ2lBacNJCHash0N0WeZDBS+7Ux1dm3XWAgWYxLJFMMdOeXMHXorshEFhbMSGelg==
  dependencies:
    restore-cursor "^4.0.0"

cli-spinners@^2.9.2:
  version "2.9.2"
  resolved "https://registry.yarnpkg.com/cli-spinners/-/cli-spinners-2.9.2.tgz#1773a8f4b9c4d6ac31563df53b3fc1d79462fe41"
  integrity sha512-ywqV+5MmyL4E7ybXgKys4DugZbX0FC6LnwrhjuykIjnK9k8OQacQ7axGKnjDXWNhns0xot3bZI5h55H8yo9cJg==

command-line-args@^5.2.1:
  version "5.2.1"
  resolved "https://registry.yarnpkg.com/command-line-args/-/command-line-args-5.2.1.tgz#c44c32e437a57d7c51157696893c5909e9cec42e"
  integrity sha512-H4UfQhZyakIjC74I9d34fGYDwk3XpSr17QhEd0Q3I9Xq1CETHo4Hcuo87WyWHpAF1aSLjLRf5lD9ZGX2qStUvg==
  dependencies:
    array-back "^3.1.0"
    find-replace "^3.0.0"
    lodash.camelcase "^4.3.0"
    typical "^4.0.0"

commander@^12:
  version "12.1.0"
  resolved "https://registry.yarnpkg.com/commander/-/commander-12.1.0.tgz#01423b36f501259fdaac4d0e4d60c96c991585d3"
  integrity sha512-Vw8qHK3bZM9y/P10u3Vib8o/DdkvA2OtPtZvD871QKjy74Wj1WSKFILMPRPSdUSx5RFK1arlJzEtA4PkFgnbuA==

commander@^2.20.0:
  version "2.20.3"
  resolved "https://registry.yarnpkg.com/commander/-/commander-2.20.3.tgz#fd485e84c03eb4881c20722ba48035e8531aeb33"
  integrity sha512-GpVkmM8vF2vQUkj2LvZmD35JxeJOLCwJ9cUkugyk2nuhbv3+mJvpLYYt+0+USMxE+oj+ey/lJEnhZw75x/OMcQ==

emoji-regex@^10.3.0:
  version "10.3.0"
  resolved "https://registry.yarnpkg.com/emoji-regex/-/emoji-regex-10.3.0.tgz#76998b9268409eb3dae3de989254d456e70cfe23"
  integrity sha512-QpLs9D9v9kArv4lfDEgg1X/gN5XLnf/A6l9cs8SPZLRZR3ZkY9+kwIQTxm+fsSej5UMYGE8fdoaZVIBlqG0XTw==

esbuild@^0.23.0:
  version "0.23.0"
  resolved "https://registry.yarnpkg.com/esbuild/-/esbuild-0.23.0.tgz#de06002d48424d9fdb7eb52dbe8e95927f852599"
  integrity sha512-1lvV17H2bMYda/WaFb2jLPeHU3zml2k4/yagNMG8Q/YtfMjCwEUZa2eXXMgZTVSL5q1n4H7sQ0X6CdJDqqeCFA==
  optionalDependencies:
    "@esbuild/aix-ppc64" "0.23.0"
    "@esbuild/android-arm" "0.23.0"
    "@esbuild/android-arm64" "0.23.0"
    "@esbuild/android-x64" "0.23.0"
    "@esbuild/darwin-arm64" "0.23.0"
    "@esbuild/darwin-x64" "0.23.0"
    "@esbuild/freebsd-arm64" "0.23.0"
    "@esbuild/freebsd-x64" "0.23.0"
    "@esbuild/linux-arm" "0.23.0"
    "@esbuild/linux-arm64" "0.23.0"
    "@esbuild/linux-ia32" "0.23.0"
    "@esbuild/linux-loong64" "0.23.0"
    "@esbuild/linux-mips64el" "0.23.0"
    "@esbuild/linux-ppc64" "0.23.0"
    "@esbuild/linux-riscv64" "0.23.0"
    "@esbuild/linux-s390x" "0.23.0"
    "@esbuild/linux-x64" "0.23.0"
    "@esbuild/netbsd-x64" "0.23.0"
    "@esbuild/openbsd-arm64" "0.23.0"
    "@esbuild/openbsd-x64" "0.23.0"
    "@esbuild/sunos-x64" "0.23.0"
    "@esbuild/win32-arm64" "0.23.0"
    "@esbuild/win32-ia32" "0.23.0"
    "@esbuild/win32-x64" "0.23.0"

find-replace@^3.0.0:
  version "3.0.0"
  resolved "https://registry.yarnpkg.com/find-replace/-/find-replace-3.0.0.tgz#3e7e23d3b05167a76f770c9fbd5258b0def68c38"
  integrity sha512-6Tb2myMioCAgv5kfvP5/PkZZ/ntTpVK39fHY7WkWBgvbeE+VHd/tZuZ4mrC+bxh4cfOZeYKVPaJIZtZXV7GNCQ==
  dependencies:
    array-back "^3.0.1"

get-east-asian-width@^1.0.0:
  version "1.2.0"
  resolved "https://registry.yarnpkg.com/get-east-asian-width/-/get-east-asian-width-1.2.0.tgz#5e6ebd9baee6fb8b7b6bd505221065f0cd91f64e"
  integrity sha512-2nk+7SIVb14QrgXFHcm84tD4bKQz0RxPuMT8Ag5KPOq7J5fEmAg0UbXdTOSHqNuHSU28k55qnceesxXRZGzKWA==

glob-to-regexp@^0.4.1:
  version "0.4.1"
  resolved "https://registry.yarnpkg.com/glob-to-regexp/-/glob-to-regexp-0.4.1.tgz#c75297087c851b9a578bd217dd59a92f59fe546e"
  integrity sha512-lkX1HJXwyMcprw/5YUZc2s7DrpAiHB21/V+E1rHUrVNokkvB6bqMzT0VfV6/86ZNabt1k14YOIaT7nDvOX3Iiw==

hono@^4.2.7:
  version "4.4.13"
  resolved "https://registry.yarnpkg.com/hono/-/hono-4.4.13.tgz#954e8f6e4bab14f3f9d7bac4eef4c56d23e7f900"
  integrity sha512-c6qqenclmQ6wpXzqiElMa2jt423PVCmgBreDfC5s2lPPpGk7d0lOymd8QTzFZyYC5mSSs6imiTMPip+gLwuW/g==

is-interactive@^2.0.0:
  version "2.0.0"
  resolved "https://registry.yarnpkg.com/is-interactive/-/is-interactive-2.0.0.tgz#40c57614593826da1100ade6059778d597f16e90"
  integrity sha512-qP1vozQRI+BMOPcjFzrjXuQvdak2pHNUMZoeG2eRbiSqyvbEf/wQtEOTOX1guk6E3t36RkaqiSt8A/6YElNxLQ==

is-unicode-supported@^1.3.0:
  version "1.3.0"
  resolved "https://registry.yarnpkg.com/is-unicode-supported/-/is-unicode-supported-1.3.0.tgz#d824984b616c292a2e198207d4a609983842f714"
  integrity sha512-43r2mRvz+8JRIKnWJ+3j8JtjRKZ6GmjzfaE/qiBJnikNnYv/6bagRJ1kUhNk8R5EX/GkobD+r+sfxCPJsiKBLQ==

is-unicode-supported@^2.0.0:
  version "2.0.0"
  resolved "https://registry.yarnpkg.com/is-unicode-supported/-/is-unicode-supported-2.0.0.tgz#fdf32df9ae98ff6ab2cedc155a5a6e895701c451"
  integrity sha512-FRdAyx5lusK1iHG0TWpVtk9+1i+GjrzRffhDg4ovQ7mcidMQ6mj+MhKPmvh7Xwyv5gIS06ns49CA7Sqg7lC22Q==

jsesc@~0.5.0:
  version "0.5.0"
  resolved "https://registry.yarnpkg.com/jsesc/-/jsesc-0.5.0.tgz#e7dee66e35d6fc16f710fe91d5cf69f70f08911d"
  integrity sha512-uZz5UnB7u4T9LvwmFqXii7pZSouaRPorGs5who1Ip7VO0wxanFvBL7GkM6dTHlgX+jhBApRetaWpnDabOeTcnA==

lodash.camelcase@^4.3.0:
  version "4.3.0"
  resolved "https://registry.yarnpkg.com/lodash.camelcase/-/lodash.camelcase-4.3.0.tgz#b28aa6288a2b9fc651035c7711f65ab6190331a6"
  integrity sha512-TwuEnCnxbc3rAvhf/LbG7tJUDzhqXyFnv3dtzLOPgCG/hODL7WFnsbwktkD7yUV0RrreP/l1PALq/YSg6VvjlA==

log-symbols@^6.0.0:
  version "6.0.0"
  resolved "https://registry.yarnpkg.com/log-symbols/-/log-symbols-6.0.0.tgz#bb95e5f05322651cac30c0feb6404f9f2a8a9439"
  integrity sha512-i24m8rpwhmPIS4zscNzK6MSEhk0DUWa/8iYQWxhffV8jkI4Phvs3F+quL5xvS0gdQR0FyTCMMH33Y78dDTzzIw==
  dependencies:
    chalk "^5.3.0"
    is-unicode-supported "^1.3.0"

magic-string@^0.30.10:
  version "0.30.10"
  resolved "https://registry.yarnpkg.com/magic-string/-/magic-string-0.30.10.tgz#123d9c41a0cb5640c892b041d4cfb3bd0aa4b39e"
  integrity sha512-iIRwTIf0QKV3UAnYK4PU8uiEc4SRh5jX0mwpIwETPpHdhVM4f53RSwS/vXvN1JhGX+Cs7B8qIq3d6AH49O5fAQ==
  dependencies:
    "@jridgewell/sourcemap-codec" "^1.4.15"

mimic-fn@^2.1.0:
  version "2.1.0"
  resolved "https://registry.yarnpkg.com/mimic-fn/-/mimic-fn-2.1.0.tgz#7ed2c2ccccaf84d3ffcb7a69b57711fc2083401b"
  integrity sha512-OqbOk5oEQeAZ8WXWydlu9HJjz9WVdEIvamMCcXmuqUYjTknH/sqsWvhQ3vgwKFRR1HpjvNBKQ37nbJgYzGqGcg==

mkdirp@^3:
  version "3.0.1"
  resolved "https://registry.yarnpkg.com/mkdirp/-/mkdirp-3.0.1.tgz#e44e4c5607fb279c168241713cc6e0fea9adcb50"
  integrity sha512-+NsyUUAZDmo6YVHzL/stxSu3t9YS1iljliy3BSDrXJ/dkn1KYdmtZODGGjLcc9XLgVVpH4KshHB8XmZgMhaBXg==

onetime@^5.1.0:
  version "5.1.2"
  resolved "https://registry.yarnpkg.com/onetime/-/onetime-5.1.2.tgz#d0e96ebb56b07476df1dd9c4806e5237985ca45e"
  integrity sha512-kbpaSSGJTWdAY5KPVeMOKXSrPtr8C8C7wodJbcsd51jRnmD+GZu8Y0VoU6Dm5Z4vWr0Ig/1NKuWRKf7j5aaYSg==
  dependencies:
    mimic-fn "^2.1.0"

ora@^8:
  version "8.0.1"
  resolved "https://registry.yarnpkg.com/ora/-/ora-8.0.1.tgz#6dcb9250a629642cbe0d2df3a6331ad6f7a2af3e"
  integrity sha512-ANIvzobt1rls2BDny5fWZ3ZVKyD6nscLvfFRpQgfWsythlcsVUC9kL0zq6j2Z5z9wwp1kd7wpsD/T9qNPVLCaQ==
  dependencies:
    chalk "^5.3.0"
    cli-cursor "^4.0.0"
    cli-spinners "^2.9.2"
    is-interactive "^2.0.0"
    is-unicode-supported "^2.0.0"
    log-symbols "^6.0.0"
    stdin-discarder "^0.2.1"
    string-width "^7.0.0"
    strip-ansi "^7.1.0"

regenerate-unicode-properties@^10.1.1:
  version "10.1.1"
  resolved "https://registry.yarnpkg.com/regenerate-unicode-properties/-/regenerate-unicode-properties-10.1.1.tgz#6b0e05489d9076b04c436f318d9b067bba459480"
  integrity sha512-X007RyZLsCJVVrjgEFVpLUTZwyOZk3oiL75ZcuYjlIWd6rNJtOjkBwQc5AsRrpbKVkxN6sklw/k/9m2jJYOf8Q==
  dependencies:
    regenerate "^1.4.2"

regenerate@^1.4.2:
  version "1.4.2"
  resolved "https://registry.yarnpkg.com/regenerate/-/regenerate-1.4.2.tgz#b9346d8827e8f5a32f7ba29637d398b69014848a"
  integrity sha512-zrceR/XhGYU/d/opr2EKO7aRHUeiBI8qjtfHqADTwZd6Szfy16la6kqD0MIUs5z5hx6AaKa+PixpPrR289+I0A==

regexpu-core@^6.0.0:
  version "6.0.0"
  resolved "https://registry.yarnpkg.com/regexpu-core/-/regexpu-core-6.0.0.tgz#2706fae3c6599c6a0d09933601eeeba6dfa00aa7"
  integrity sha512-ZOZKiuXx8X0IZLr3eyi5AfJd9Dg9YIdSNrxNKjx7V8kqIRf19NrmG2TLyUzzOLIoiMfbIqzw2LRGDxs51gLq9A==
  dependencies:
    regenerate "^1.4.2"
    regenerate-unicode-properties "^10.1.1"
    regjsgen "^0.8.0"
    regjsparser "^0.10.0"
    unicode-match-property-ecmascript "^2.0.0"
    unicode-match-property-value-ecmascript "^2.1.0"

regjsgen@^0.8.0:
  version "0.8.0"
  resolved "https://registry.yarnpkg.com/regjsgen/-/regjsgen-0.8.0.tgz#df23ff26e0c5b300a6470cad160a9d090c3a37ab"
  integrity sha512-RvwtGe3d7LvWiDQXeQw8p5asZUmfU1G/l6WbUXeHta7Y2PEIvBTwH6E2EfmYUK8pxcxEdEmaomqyp0vZZ7C+3Q==

regjsparser@^0.10.0:
  version "0.10.0"
  resolved "https://registry.yarnpkg.com/regjsparser/-/regjsparser-0.10.0.tgz#b1ed26051736b436f22fdec1c8f72635f9f44892"
  integrity sha512-qx+xQGZVsy55CH0a1hiVwHmqjLryfh7wQyF5HO07XJ9f7dQMY/gPQHhlyDkIzJKC+x2fUCpCcUODUUUFrm7SHA==
  dependencies:
    jsesc "~0.5.0"

restore-cursor@^4.0.0:
  version "4.0.0"
  resolved "https://registry.yarnpkg.com/restore-cursor/-/restore-cursor-4.0.0.tgz#519560a4318975096def6e609d44100edaa4ccb9"
  integrity sha512-I9fPXU9geO9bHOt9pHHOhOkYerIMsmVaWB0rA2AI9ERh/+x/i7MV5HKBNrg+ljO5eoPVgCcnFuRjJ9uH6I/3eg==
  dependencies:
    onetime "^5.1.0"
    signal-exit "^3.0.2"

signal-exit@^3.0.2:
  version "3.0.7"
  resolved "https://registry.yarnpkg.com/signal-exit/-/signal-exit-3.0.7.tgz#a9a1767f8af84155114eaabd73f99273c8f59ad9"
  integrity sha512-wnD2ZE+l+SPC/uoS0vXeE9L1+0wuaMqKlfz9AMUo38JsyLSBWSFcHR1Rri62LZc12vLr1gb3jl7iwQhgwpAbGQ==

source-map-support@~0.5.20:
  version "0.5.21"
  resolved "https://registry.yarnpkg.com/source-map-support/-/source-map-support-0.5.21.tgz#04fe7c7f9e1ed2d662233c28cb2b35b9f63f6e4f"
  integrity sha512-uBHU3L3czsIyYXKX88fdrGovxdSCoTGDRZ6SYXtSRxLZUzHg5P/66Ht6uoUlHu9EZod+inXhKo3qQgwXUT/y1w==
  dependencies:
    buffer-from "^1.0.0"
    source-map "^0.6.0"

source-map@^0.6.0:
  version "0.6.1"
  resolved "https://registry.yarnpkg.com/source-map/-/source-map-0.6.1.tgz#74722af32e9614e9c287a8d0bbde48b5e2f1a263"
  integrity sha512-UjgapumWlbMhkBgzT7Ykc5YXUT46F0iKu8SGXq0bcwP5dz/h0Plj6enJqjz1Zbq2l5WaqYnrVbwWOWMyF3F47g==

stdin-discarder@^0.2.1:
  version "0.2.2"
  resolved "https://registry.yarnpkg.com/stdin-discarder/-/stdin-discarder-0.2.2.tgz#390037f44c4ae1a1ae535c5fe38dc3aba8d997be"
  integrity sha512-UhDfHmA92YAlNnCfhmq0VeNL5bDbiZGg7sZ2IvPsXubGkiNa9EC+tUTsjBRsYUAz87btI6/1wf4XoVvQ3uRnmQ==

string-width@^7.0.0:
  version "7.2.0"
  resolved "https://registry.yarnpkg.com/string-width/-/string-width-7.2.0.tgz#b5bb8e2165ce275d4d43476dd2700ad9091db6dc"
  integrity sha512-tsaTIkKW9b4N+AEj+SVA+WhJzV7/zMhcSu78mLKWSk7cXMOSHsBKFWUs0fWwq8QyK3MgJBQRX6Gbi4kYbdvGkQ==
  dependencies:
    emoji-regex "^10.3.0"
    get-east-asian-width "^1.0.0"
    strip-ansi "^7.1.0"

strip-ansi@^7.1.0:
  version "7.1.0"
  resolved "https://registry.yarnpkg.com/strip-ansi/-/strip-ansi-7.1.0.tgz#d5b6568ca689d8561370b0707685d22434faff45"
  integrity sha512-iq6eVVI64nQQTRYq2KtEg2d2uU7LElhTJwsH4YzIHZshxlgZms/wIc4VoDQTlG/IvVIrBKG06CrZnp0qv7hkcQ==
  dependencies:
    ansi-regex "^6.0.1"

terser@^5:
  version "5.31.2"
  resolved "https://registry.yarnpkg.com/terser/-/terser-5.31.2.tgz#b5ca188107b706084dca82f988089fa6102eba11"
  integrity sha512-LGyRZVFm/QElZHy/CPr/O4eNZOZIzsrQ92y4v9UJe/pFJjypje2yI3C2FmPtvUEnhadlSbmG2nXtdcjHOjCfxw==
  dependencies:
    "@jridgewell/source-map" "^0.3.3"
    acorn "^8.8.2"
    commander "^2.20.0"
    source-map-support "~0.5.20"

typical@^4.0.0:
  version "4.0.0"
  resolved "https://registry.yarnpkg.com/typical/-/typical-4.0.0.tgz#cbeaff3b9d7ae1e2bbfaf5a4e6f11eccfde94fc4"
  integrity sha512-VAH4IvQ7BDFYglMd7BPRDfLgxZZX4O4TFcRDA6EN5X7erNJJq+McIEp8np9aVtxrCJ6qx4GTYVfOWNjcqwZgRw==

unicode-canonical-property-names-ecmascript@^2.0.0:
  version "2.0.0"
  resolved "https://registry.yarnpkg.com/unicode-canonical-property-names-ecmascript/-/unicode-canonical-property-names-ecmascript-2.0.0.tgz#301acdc525631670d39f6146e0e77ff6bbdebddc"
  integrity sha512-yY5PpDlfVIU5+y/BSCxAJRBIS1Zc2dDG3Ujq+sR0U+JjUevW2JhocOF+soROYDSaAezOzOKuyyixhD6mBknSmQ==

unicode-match-property-ecmascript@^2.0.0:
  version "2.0.0"
  resolved "https://registry.yarnpkg.com/unicode-match-property-ecmascript/-/unicode-match-property-ecmascript-2.0.0.tgz#54fd16e0ecb167cf04cf1f756bdcc92eba7976c3"
  integrity sha512-5kaZCrbp5mmbz5ulBkDkbY0SsPOjKqVS35VpL9ulMPfSl0J0Xsm+9Evphv9CoIZFwre7aJoa94AY6seMKGVN5Q==
  dependencies:
    unicode-canonical-property-names-ecmascript "^2.0.0"
    unicode-property-aliases-ecmascript "^2.0.0"

unicode-match-property-value-ecmascript@^2.1.0:
  version "2.1.0"
  resolved "https://registry.yarnpkg.com/unicode-match-property-value-ecmascript/-/unicode-match-property-value-ecmascript-2.1.0.tgz#cb5fffdcd16a05124f5a4b0bf7c3770208acbbe0"
  integrity sha512-qxkjQt6qjg/mYscYMC0XKRn3Rh0wFPlfxB0xkt9CfyTvpX1Ra0+rAmdX2QyAobptSEvuy4RtpPRui6XkV+8wjA==

unicode-property-aliases-ecmascript@^2.0.0:
  version "2.1.0"
  resolved "https://registry.yarnpkg.com/unicode-property-aliases-ecmascript/-/unicode-property-aliases-ecmascript-2.1.0.tgz#43d41e3be698bd493ef911077c9b131f827e8ccd"
  integrity sha512-6t3foTQI9qne+OZoVQB/8x8rk2k1eVy1gRXhV3oFQ5T6R1dqQ1xtin3XqSlx3+ATBkliTaR/hHyJBm+LVPNM8w==
