# THIS IS AN AUTOGENERATED FILE. DO NOT EDIT THIS FILE DIRECTLY.
# yarn lockfile v1


"@babel/regjsgen@^0.8.0":
  version "0.8.0"
  resolved "https://registry.npmjs.org/@babel/regjsgen/-/regjsgen-0.8.0.tgz"
  integrity sha512-x/rqGMdzj+fWZvCOYForTghzbtqPDZ5gPwaoNGHdgDfF2QA/XZbCBp4Moo5scrkAMPhB7z26XM/AaHuIJdgauA==

"@bytecodealliance/jco@^1.2.4":
  version "1.3.1"
  resolved "https://registry.npmjs.org/@bytecodealliance/jco/-/jco-1.3.1.tgz"
  integrity sha512-XXj95pvNRfwXmCT7KbbHvUHVDJaqClIv73qBOr35rmoS45ga+gYHLU06Eb2aVIwItfEmKQ21uDY4rSoarRnqrQ==
  dependencies:
    "@bytecodealliance/preview2-shim" "^0.16.3"
    binaryen "^116.0.0"
    chalk-template "^1"
    commander "^12"
    mkdirp "^3"
    ora "^8"
    terser "^5"

"@bytecodealliance/preview2-shim@^0.16.3":
  version "0.16.4"
  resolved "https://registry.npmjs.org/@bytecodealliance/preview2-shim/-/preview2-shim-0.16.4.tgz"
  integrity sha512-G6IB1YQjy6csGe6OEAlBYHqtsakZu5ilh59w08h1IR6IEoZG3O1dmCRdy/zcBgvyk/ORXyhiBMKFCzOCACw01g==

"@bytecodealliance/wizer-linux-x64@3.0.1":
  version "3.0.1"
  resolved "https://registry.npmjs.org/@bytecodealliance/wizer-linux-x64/-/wizer-linux-x64-3.0.1.tgz"
  integrity sha512-uUue78xl7iwndsGgTsagHLTLyLBVHhwzuywiwHt1xw8y0X0O8REKRLBoB7+LdM+pttDPdFtKJgbTFL4UPAA7Yw==

"@bytecodealliance/wizer@^3.0.1":
  version "3.0.1"
  resolved "https://registry.npmjs.org/@bytecodealliance/wizer/-/wizer-3.0.1.tgz"
  integrity sha512-f0NBiBHCNBkbFHTPRbA7aKf/t4KyNhi2KvSqw3QzCgi8wFF/uLZ0dhejj93rbiKO/iwWbmU7v9K3SVkW81mcjQ==
  optionalDependencies:
    "@bytecodealliance/wizer-darwin-arm64" "3.0.1"
    "@bytecodealliance/wizer-darwin-x64" "3.0.1"
    "@bytecodealliance/wizer-linux-arm64" "3.0.1"
    "@bytecodealliance/wizer-linux-s390x" "3.0.1"
    "@bytecodealliance/wizer-linux-x64" "3.0.1"
    "@bytecodealliance/wizer-win32-x64" "3.0.1"

"@esbuild/linux-x64@0.17.19":
  version "0.17.19"
  resolved "https://registry.npmjs.org/@esbuild/linux-x64/-/linux-x64-0.17.19.tgz"
  integrity sha512-68ngA9lg2H6zkZcyp22tsVt38mlhWde8l3eJLWkyLrp4HwMUr3c1s/M2t7+kHIhvMjglIBrFpncX1SzMckomGw==

"@fastly/js-compute@^3":
  version "3.16.0"
  resolved "https://registry.npmjs.org/@fastly/js-compute/-/js-compute-3.16.0.tgz"
  integrity sha512-wziOjbzmpL0ySFZDJg2JUrDQUUpJ+WBfBpV5rbg+PatqmNLQkulGCkyjAX4zK4ZSdiy9Fv0oBza0bKyKoHQhtA==
  dependencies:
    "@bytecodealliance/jco" "^1.2.4"
    "@bytecodealliance/wizer" "^3.0.1"
    acorn "^8.8.2"
    acorn-walk "^8.2.0"
    esbuild "^0.17.18"
    magic-string "^0.30.0"
    regexpu-core "^5.3.2"

"@jakechampion/c-at-e-file-server-cli@^0.0.2-main":
  version "0.0.2-main"
  resolved "https://registry.npmjs.org/@jakechampion/c-at-e-file-server-cli/-/c-at-e-file-server-cli-0.0.2-main.tgz"
  integrity sha512-j2EzKug2rIuX7AprOq041MBsuO9fIBraWP3nsLNiC1kCw3jnR/fk2+CIH15EHtQ0uuYmdKGe/Q9BM30gW0PIjQ==
  optionalDependencies:
    "@jakechampion/c-at-e-file-server-darwin-arm64" "0.0.2-main"
    "@jakechampion/c-at-e-file-server-darwin-x64" "0.0.2-main"
    "@jakechampion/c-at-e-file-server-linux-x64" "0.0.2-main"
    "@jakechampion/c-at-e-file-server-win32-x64" "0.0.2-main"

"@jakechampion/c-at-e-file-server-linux-x64@0.0.2-main":
  version "0.0.2-main"
  resolved "https://registry.npmjs.org/@jakechampion/c-at-e-file-server-linux-x64/-/c-at-e-file-server-linux-x64-0.0.2-main.tgz"
  integrity sha512-xL4cXyJ19WegU+w89oOlOw69FLoAqmiWJtfcsKUeUHeJjjqAmKQ98T5dsroBXQeYNXQYbt48IbX3Qa7NdMyZzw==

"@jakechampion/c-at-e-file-server@^0.0.2-main":
  version "0.0.2-main"
  resolved "https://registry.npmjs.org/@jakechampion/c-at-e-file-server/-/c-at-e-file-server-0.0.2-main.tgz"
  integrity sha512-QIeZcdFPtvnPfdQL8xJD8tMezEmqihlHe5SAFJjiiDh0p1D3Eui51MsW51DFBN5r8Kv1+96MtE8ryLv1IlQwgw==
  dependencies:
    range-parser "^1.2.1"

"@jridgewell/gen-mapping@^0.3.5":
  version "0.3.5"
  resolved "https://registry.npmjs.org/@jridgewell/gen-mapping/-/gen-mapping-0.3.5.tgz"
  integrity sha512-IzL8ZoEDIBRWEzlCcRhOaCupYyN5gdIK+Q6fbFdPDg6HqX6jpkItn7DFIpW9LQzXG6Df9sA7+OKnq0qlz/GaQg==
  dependencies:
    "@jridgewell/set-array" "^1.2.1"
    "@jridgewell/sourcemap-codec" "^1.4.10"
    "@jridgewell/trace-mapping" "^0.3.24"

"@jridgewell/resolve-uri@^3.1.0":
  version "3.1.2"
  resolved "https://registry.npmjs.org/@jridgewell/resolve-uri/-/resolve-uri-3.1.2.tgz"
  integrity sha512-bRISgCIjP20/tbWSPWMEi54QVPRZExkuD9lJL+UIxUKtwVJA8wW1Trb1jMs1RFXo1CBTNZ/5hpC9QvmKWdopKw==

"@jridgewell/set-array@^1.2.1":
  version "1.2.1"
  resolved "https://registry.npmjs.org/@jridgewell/set-array/-/set-array-1.2.1.tgz"
  integrity sha512-R8gLRTZeyp03ymzP/6Lil/28tGeGEzhx1q2k703KGWRAI1VdvPIXdG70VJc2pAMw3NA6JKL5hhFu1sJX0Mnn/A==

"@jridgewell/source-map@^0.3.3":
  version "0.3.6"
  resolved "https://registry.npmjs.org/@jridgewell/source-map/-/source-map-0.3.6.tgz"
  integrity sha512-1ZJTZebgqllO79ue2bm3rIGud/bOe0pP5BjSRCRxxYkEZS8STV7zN84UBbiYu7jy+eCKSnVIUgoWWE/tt+shMQ==
  dependencies:
    "@jridgewell/gen-mapping" "^0.3.5"
    "@jridgewell/trace-mapping" "^0.3.25"

"@jridgewell/sourcemap-codec@^1.4.10", "@jridgewell/sourcemap-codec@^1.4.14", "@jridgewell/sourcemap-codec@^1.4.15":
  version "1.5.0"
  resolved "https://registry.npmjs.org/@jridgewell/sourcemap-codec/-/sourcemap-codec-1.5.0.tgz"
  integrity sha512-gv3ZRaISU3fjPAgNsriBRqGWQL6quFx04YMPW/zD8XMLsU32mhCCbfbO6KZFLjvYpCZ8zyDEgqsgf+PwPaM7GQ==

"@jridgewell/trace-mapping@^0.3.24", "@jridgewell/trace-mapping@^0.3.25":
  version "0.3.25"
  resolved "https://registry.npmjs.org/@jridgewell/trace-mapping/-/trace-mapping-0.3.25.tgz"
  integrity sha512-vNk6aEwybGtawWmy/PzwnGDOjCkLWSD2wqvjGGAgOAwCGWySYXfYoxt00IJkTF+8Lb57DwOb3Aa0o9CApepiYQ==
  dependencies:
    "@jridgewell/resolve-uri" "^3.1.0"
    "@jridgewell/sourcemap-codec" "^1.4.14"

acorn-walk@^8.2.0:
  version "8.3.3"
  resolved "https://registry.npmjs.org/acorn-walk/-/acorn-walk-8.3.3.tgz"
  integrity sha512-MxXdReSRhGO7VlFe1bRG/oI7/mdLV9B9JJT0N8vZOhF7gFRR5l3M8W9G8JxmKV+JC5mGqJ0QvqfSOLsCPa4nUw==
  dependencies:
    acorn "^8.11.0"

acorn@^8.11.0, acorn@^8.8.2:
  version "8.12.1"
  resolved "https://registry.npmjs.org/acorn/-/acorn-8.12.1.tgz"
  integrity sha512-tcpGyI9zbizT9JbV6oYE477V6mTlXvvi0T0G3SNIYE2apm/G5huBa1+K89VGeovbg+jycCrfhl3ADxErOuO6Jg==

ansi-regex@^6.0.1:
  version "6.0.1"
  resolved "https://registry.npmjs.org/ansi-regex/-/ansi-regex-6.0.1.tgz"
  integrity sha512-n5M855fKb2SsfMIiFFoVrABHJC8QtHwVx+mHWP3QcEqBHYienj5dHSgjbxtC0WEZXYt4wcD6zrQElDPhFuZgfA==

binaryen@^116.0.0:
  version "116.0.0"
  resolved "https://registry.npmjs.org/binaryen/-/binaryen-116.0.0.tgz"
  integrity sha512-Hp0dXC6Cb/rTwWEoUS2BRghObE7g/S9umKtxuTDt3f61G6fNTE/YVew/ezyy3IdHcLx3f17qfh6LwETgCfvWkQ==

buffer-from@^1.0.0:
  version "1.1.2"
  resolved "https://registry.npmjs.org/buffer-from/-/buffer-from-1.1.2.tgz"
  integrity sha512-E+XQCRwSbaaiChtv6k6Dwgc+bx+Bs6vuKJHHl5kox/BaKbhiXzqQOwK4cO22yElGp2OCmjwVhT3HmxgyPGnJfQ==

chalk-template@^1:
  version "1.1.0"
  resolved "https://registry.npmjs.org/chalk-template/-/chalk-template-1.1.0.tgz"
  integrity sha512-T2VJbcDuZQ0Tb2EWwSotMPJjgpy1/tGee1BTpUNsGZ/qgNjV2t7Mvu+d4600U564nbLesN1x2dPL+xii174Ekg==
  dependencies:
    chalk "^5.2.0"

chalk@^5.2.0, chalk@^5.3.0:
  version "5.3.0"
  resolved "https://registry.npmjs.org/chalk/-/chalk-5.3.0.tgz"
  integrity sha512-dLitG79d+GV1Nb/VYcCDFivJeK1hiukt9QjRNVOsUtTy1rR1YJsmpGGTZ3qJos+uw7WmWF4wUwBd9jxjocFC2w==

cli-cursor@^4.0.0:
  version "4.0.0"
  resolved "https://registry.npmjs.org/cli-cursor/-/cli-cursor-4.0.0.tgz"
  integrity sha512-VGtlMu3x/4DOtIUwEkRezxUZ2lBacNJCHash0N0WeZDBS+7Ux1dm3XWAgWYxLJFMMdOeXMHXorshEFhbMSGelg==
  dependencies:
    restore-cursor "^4.0.0"

cli-spinners@^2.9.2:
  version "2.9.2"
  resolved "https://registry.npmjs.org/cli-spinners/-/cli-spinners-2.9.2.tgz"
  integrity sha512-ywqV+5MmyL4E7ybXgKys4DugZbX0FC6LnwrhjuykIjnK9k8OQacQ7axGKnjDXWNhns0xot3bZI5h55H8yo9cJg==

commander@^12:
  version "12.1.0"
  resolved "https://registry.npmjs.org/commander/-/commander-12.1.0.tgz"
  integrity sha512-Vw8qHK3bZM9y/P10u3Vib8o/DdkvA2OtPtZvD871QKjy74Wj1WSKFILMPRPSdUSx5RFK1arlJzEtA4PkFgnbuA==

commander@^2.20.0:
  version "2.20.3"
  resolved "https://registry.npmjs.org/commander/-/commander-2.20.3.tgz"
  integrity sha512-GpVkmM8vF2vQUkj2LvZmD35JxeJOLCwJ9cUkugyk2nuhbv3+mJvpLYYt+0+USMxE+oj+ey/lJEnhZw75x/OMcQ==

emoji-regex@^10.3.0:
  version "10.3.0"
  resolved "https://registry.npmjs.org/emoji-regex/-/emoji-regex-10.3.0.tgz"
  integrity sha512-QpLs9D9v9kArv4lfDEgg1X/gN5XLnf/A6l9cs8SPZLRZR3ZkY9+kwIQTxm+fsSej5UMYGE8fdoaZVIBlqG0XTw==

esbuild@^0.17.18:
  version "0.17.19"
  resolved "https://registry.npmjs.org/esbuild/-/esbuild-0.17.19.tgz"
  integrity sha512-XQ0jAPFkK/u3LcVRcvVHQcTIqD6E2H1fvZMA5dQPSOWb3suUbWbfbRf94pjc0bNzRYLfIrDRQXr7X+LHIm5oHw==
  optionalDependencies:
    "@esbuild/android-arm" "0.17.19"
    "@esbuild/android-arm64" "0.17.19"
    "@esbuild/android-x64" "0.17.19"
    "@esbuild/darwin-arm64" "0.17.19"
    "@esbuild/darwin-x64" "0.17.19"
    "@esbuild/freebsd-arm64" "0.17.19"
    "@esbuild/freebsd-x64" "0.17.19"
    "@esbuild/linux-arm" "0.17.19"
    "@esbuild/linux-arm64" "0.17.19"
    "@esbuild/linux-ia32" "0.17.19"
    "@esbuild/linux-loong64" "0.17.19"
    "@esbuild/linux-mips64el" "0.17.19"
    "@esbuild/linux-ppc64" "0.17.19"
    "@esbuild/linux-riscv64" "0.17.19"
    "@esbuild/linux-s390x" "0.17.19"
    "@esbuild/linux-x64" "0.17.19"
    "@esbuild/netbsd-x64" "0.17.19"
    "@esbuild/openbsd-x64" "0.17.19"
    "@esbuild/sunos-x64" "0.17.19"
    "@esbuild/win32-arm64" "0.17.19"
    "@esbuild/win32-ia32" "0.17.19"
    "@esbuild/win32-x64" "0.17.19"

get-east-asian-width@^1.0.0:
  version "1.2.0"
  resolved "https://registry.npmjs.org/get-east-asian-width/-/get-east-asian-width-1.2.0.tgz"
  integrity sha512-2nk+7SIVb14QrgXFHcm84tD4bKQz0RxPuMT8Ag5KPOq7J5fEmAg0UbXdTOSHqNuHSU28k55qnceesxXRZGzKWA==

is-interactive@^2.0.0:
  version "2.0.0"
  resolved "https://registry.npmjs.org/is-interactive/-/is-interactive-2.0.0.tgz"
  integrity sha512-qP1vozQRI+BMOPcjFzrjXuQvdak2pHNUMZoeG2eRbiSqyvbEf/wQtEOTOX1guk6E3t36RkaqiSt8A/6YElNxLQ==

is-unicode-supported@^1.3.0:
  version "1.3.0"
  resolved "https://registry.npmjs.org/is-unicode-supported/-/is-unicode-supported-1.3.0.tgz"
  integrity sha512-43r2mRvz+8JRIKnWJ+3j8JtjRKZ6GmjzfaE/qiBJnikNnYv/6bagRJ1kUhNk8R5EX/GkobD+r+sfxCPJsiKBLQ==

is-unicode-supported@^2.0.0:
  version "2.0.0"
  resolved "https://registry.npmjs.org/is-unicode-supported/-/is-unicode-supported-2.0.0.tgz"
  integrity sha512-FRdAyx5lusK1iHG0TWpVtk9+1i+GjrzRffhDg4ovQ7mcidMQ6mj+MhKPmvh7Xwyv5gIS06ns49CA7Sqg7lC22Q==

jsesc@~0.5.0:
  version "0.5.0"
  resolved "https://registry.npmjs.org/jsesc/-/jsesc-0.5.0.tgz"
  integrity sha512-uZz5UnB7u4T9LvwmFqXii7pZSouaRPorGs5who1Ip7VO0wxanFvBL7GkM6dTHlgX+jhBApRetaWpnDabOeTcnA==

log-symbols@^6.0.0:
  version "6.0.0"
  resolved "https://registry.npmjs.org/log-symbols/-/log-symbols-6.0.0.tgz"
  integrity sha512-i24m8rpwhmPIS4zscNzK6MSEhk0DUWa/8iYQWxhffV8jkI4Phvs3F+quL5xvS0gdQR0FyTCMMH33Y78dDTzzIw==
  dependencies:
    chalk "^5.3.0"
    is-unicode-supported "^1.3.0"

magic-string@^0.30.0:
  version "0.30.10"
  resolved "https://registry.npmjs.org/magic-string/-/magic-string-0.30.10.tgz"
  integrity sha512-iIRwTIf0QKV3UAnYK4PU8uiEc4SRh5jX0mwpIwETPpHdhVM4f53RSwS/vXvN1JhGX+Cs7B8qIq3d6AH49O5fAQ==
  dependencies:
    "@jridgewell/sourcemap-codec" "^1.4.15"

mimic-fn@^2.1.0:
  version "2.1.0"
  resolved "https://registry.npmjs.org/mimic-fn/-/mimic-fn-2.1.0.tgz"
  integrity sha512-OqbOk5oEQeAZ8WXWydlu9HJjz9WVdEIvamMCcXmuqUYjTknH/sqsWvhQ3vgwKFRR1HpjvNBKQ37nbJgYzGqGcg==

mkdirp@^3:
  version "3.0.1"
  resolved "https://registry.npmjs.org/mkdirp/-/mkdirp-3.0.1.tgz"
  integrity sha512-+NsyUUAZDmo6YVHzL/stxSu3t9YS1iljliy3BSDrXJ/dkn1KYdmtZODGGjLcc9XLgVVpH4KshHB8XmZgMhaBXg==

onetime@^5.1.0:
  version "5.1.2"
  resolved "https://registry.npmjs.org/onetime/-/onetime-5.1.2.tgz"
  integrity sha512-kbpaSSGJTWdAY5KPVeMOKXSrPtr8C8C7wodJbcsd51jRnmD+GZu8Y0VoU6Dm5Z4vWr0Ig/1NKuWRKf7j5aaYSg==
  dependencies:
    mimic-fn "^2.1.0"

ora@^8:
  version "8.0.1"
  resolved "https://registry.npmjs.org/ora/-/ora-8.0.1.tgz"
  integrity sha512-ANIvzobt1rls2BDny5fWZ3ZVKyD6nscLvfFRpQgfWsythlcsVUC9kL0zq6j2Z5z9wwp1kd7wpsD/T9qNPVLCaQ==
  dependencies:
    chalk "^5.3.0"
    cli-cursor "^4.0.0"
    cli-spinners "^2.9.2"
    is-interactive "^2.0.0"
    is-unicode-supported "^2.0.0"
    log-symbols "^6.0.0"
    stdin-discarder "^0.2.1"
    string-width "^7.0.0"
    strip-ansi "^7.1.0"

range-parser@^1.2.1:
  version "1.2.1"
  resolved "https://registry.npmjs.org/range-parser/-/range-parser-1.2.1.tgz"
  integrity sha512-Hrgsx+orqoygnmhFbKaHE6c296J+HTAQXoxEF6gNupROmmGJRoyzfG3ccAveqCBrwr/2yxQ5BVd/GTl5agOwSg==

regenerate-unicode-properties@^10.1.0:
  version "10.1.1"
  resolved "https://registry.npmjs.org/regenerate-unicode-properties/-/regenerate-unicode-properties-10.1.1.tgz"
  integrity sha512-X007RyZLsCJVVrjgEFVpLUTZwyOZk3oiL75ZcuYjlIWd6rNJtOjkBwQc5AsRrpbKVkxN6sklw/k/9m2jJYOf8Q==
  dependencies:
    regenerate "^1.4.2"

regenerate@^1.4.2:
  version "1.4.2"
  resolved "https://registry.npmjs.org/regenerate/-/regenerate-1.4.2.tgz"
  integrity sha512-zrceR/XhGYU/d/opr2EKO7aRHUeiBI8qjtfHqADTwZd6Szfy16la6kqD0MIUs5z5hx6AaKa+PixpPrR289+I0A==

regexpu-core@^5.3.2:
  version "5.3.2"
  resolved "https://registry.npmjs.org/regexpu-core/-/regexpu-core-5.3.2.tgz"
  integrity sha512-RAM5FlZz+Lhmo7db9L298p2vHP5ZywrVXmVXpmAD9GuL5MPH6t9ROw1iA/wfHkQ76Qe7AaPF0nGuim96/IrQMQ==
  dependencies:
    "@babel/regjsgen" "^0.8.0"
    regenerate "^1.4.2"
    regenerate-unicode-properties "^10.1.0"
    regjsparser "^0.9.1"
    unicode-match-property-ecmascript "^2.0.0"
    unicode-match-property-value-ecmascript "^2.1.0"

regjsparser@^0.9.1:
  version "0.9.1"
  resolved "https://registry.npmjs.org/regjsparser/-/regjsparser-0.9.1.tgz"
  integrity sha512-dQUtn90WanSNl+7mQKcXAgZxvUe7Z0SqXlgzv0za4LwiUhyzBC58yQO3liFoUgu8GiJVInAhJjkj1N0EtQ5nkQ==
  dependencies:
    jsesc "~0.5.0"

restore-cursor@^4.0.0:
  version "4.0.0"
  resolved "https://registry.npmjs.org/restore-cursor/-/restore-cursor-4.0.0.tgz"
  integrity sha512-I9fPXU9geO9bHOt9pHHOhOkYerIMsmVaWB0rA2AI9ERh/+x/i7MV5HKBNrg+ljO5eoPVgCcnFuRjJ9uH6I/3eg==
  dependencies:
    onetime "^5.1.0"
    signal-exit "^3.0.2"

signal-exit@^3.0.2:
  version "3.0.7"
  resolved "https://registry.npmjs.org/signal-exit/-/signal-exit-3.0.7.tgz"
  integrity sha512-wnD2ZE+l+SPC/uoS0vXeE9L1+0wuaMqKlfz9AMUo38JsyLSBWSFcHR1Rri62LZc12vLr1gb3jl7iwQhgwpAbGQ==

source-map-support@~0.5.20:
  version "0.5.21"
  resolved "https://registry.npmjs.org/source-map-support/-/source-map-support-0.5.21.tgz"
  integrity sha512-uBHU3L3czsIyYXKX88fdrGovxdSCoTGDRZ6SYXtSRxLZUzHg5P/66Ht6uoUlHu9EZod+inXhKo3qQgwXUT/y1w==
  dependencies:
    buffer-from "^1.0.0"
    source-map "^0.6.0"

source-map@^0.6.0:
  version "0.6.1"
  resolved "https://registry.npmjs.org/source-map/-/source-map-0.6.1.tgz"
  integrity sha512-UjgapumWlbMhkBgzT7Ykc5YXUT46F0iKu8SGXq0bcwP5dz/h0Plj6enJqjz1Zbq2l5WaqYnrVbwWOWMyF3F47g==

stdin-discarder@^0.2.1:
  version "0.2.2"
  resolved "https://registry.npmjs.org/stdin-discarder/-/stdin-discarder-0.2.2.tgz"
  integrity sha512-UhDfHmA92YAlNnCfhmq0VeNL5bDbiZGg7sZ2IvPsXubGkiNa9EC+tUTsjBRsYUAz87btI6/1wf4XoVvQ3uRnmQ==

string-width@^7.0.0:
  version "7.2.0"
  resolved "https://registry.npmjs.org/string-width/-/string-width-7.2.0.tgz"
  integrity sha512-tsaTIkKW9b4N+AEj+SVA+WhJzV7/zMhcSu78mLKWSk7cXMOSHsBKFWUs0fWwq8QyK3MgJBQRX6Gbi4kYbdvGkQ==
  dependencies:
    emoji-regex "^10.3.0"
    get-east-asian-width "^1.0.0"
    strip-ansi "^7.1.0"

strip-ansi@^7.1.0:
  version "7.1.0"
  resolved "https://registry.npmjs.org/strip-ansi/-/strip-ansi-7.1.0.tgz"
  integrity sha512-iq6eVVI64nQQTRYq2KtEg2d2uU7LElhTJwsH4YzIHZshxlgZms/wIc4VoDQTlG/IvVIrBKG06CrZnp0qv7hkcQ==
  dependencies:
    ansi-regex "^6.0.1"

terser@^5:
  version "5.31.1"
  resolved "https://registry.npmjs.org/terser/-/terser-5.31.1.tgz"
  integrity sha512-37upzU1+viGvuFtBo9NPufCb9dwM0+l9hMxYyWfBA+fbwrPqNJAhbZ6W47bBFnZHKHTUBnMvi87434qq+qnxOg==
  dependencies:
    "@jridgewell/source-map" "^0.3.3"
    acorn "^8.8.2"
    commander "^2.20.0"
    source-map-support "~0.5.20"

unicode-canonical-property-names-ecmascript@^2.0.0:
  version "2.0.0"
  resolved "https://registry.npmjs.org/unicode-canonical-property-names-ecmascript/-/unicode-canonical-property-names-ecmascript-2.0.0.tgz"
  integrity sha512-yY5PpDlfVIU5+y/BSCxAJRBIS1Zc2dDG3Ujq+sR0U+JjUevW2JhocOF+soROYDSaAezOzOKuyyixhD6mBknSmQ==

unicode-match-property-ecmascript@^2.0.0:
  version "2.0.0"
  resolved "https://registry.npmjs.org/unicode-match-property-ecmascript/-/unicode-match-property-ecmascript-2.0.0.tgz"
  integrity sha512-5kaZCrbp5mmbz5ulBkDkbY0SsPOjKqVS35VpL9ulMPfSl0J0Xsm+9Evphv9CoIZFwre7aJoa94AY6seMKGVN5Q==
  dependencies:
    unicode-canonical-property-names-ecmascript "^2.0.0"
    unicode-property-aliases-ecmascript "^2.0.0"

unicode-match-property-value-ecmascript@^2.1.0:
  version "2.1.0"
  resolved "https://registry.npmjs.org/unicode-match-property-value-ecmascript/-/unicode-match-property-value-ecmascript-2.1.0.tgz"
  integrity sha512-qxkjQt6qjg/mYscYMC0XKRn3Rh0wFPlfxB0xkt9CfyTvpX1Ra0+rAmdX2QyAobptSEvuy4RtpPRui6XkV+8wjA==

unicode-property-aliases-ecmascript@^2.0.0:
  version "2.1.0"
  resolved "https://registry.npmjs.org/unicode-property-aliases-ecmascript/-/unicode-property-aliases-ecmascript-2.1.0.tgz"
  integrity sha512-6t3foTQI9qne+OZoVQB/8x8rk2k1eVy1gRXhV3oFQ5T6R1dqQ1xtin3XqSlx3+ATBkliTaR/hHyJBm+LVPNM8w==
